
Microsoft Visual Studio Solution File, Format Version 12.00
# Visual Studio Version 17
VisualStudioVersion = 17.0.31903.59
MinimumVisualStudioVersion = 10.0.40219.1
Project("{9A19103F-16F7-4668-BE54-9A1E7A4F7556}") = "XlBlocks.AddIn", "src\XlBlocks.AddIn\XlBlocks.AddIn.csproj", "{FF68179C-81B3-467F-9A82-3AC252E37FB4}"
EndProject
Project("{9A19103F-16F7-4668-BE54-9A1E7A4F7556}") = "XlBlocks.AddIn.Integration.Tests", "tests\XlBlocks.AddIn.Integration.Tests\XlBlocks.AddIn.Integration.Tests.csproj", "{66EBDB56-1C9D-4705-BF13-C213F3CE65E4}"
	ProjectSection(ProjectDependencies) = postProject
		{FF68179C-81B3-467F-9A82-3AC252E37FB4} = {FF68179C-81B3-467F-9A82-3AC252E37FB4}
	EndProjectSection
EndProject
Project("{9A19103F-16F7-4668-BE54-9A1E7A4F7556}") = "XlBlocks.AddIn.Tests", "tests\XlBlocks.AddIn.Tests\XlBlocks.AddIn.Tests.csproj", "{F34D2C2F-4E39-454B-9133-3BCE5E36F0FD}"
EndProject
Project("{2150E333-8FDC-42A3-9474-1A3956D46DE8}") = "src", "src", "{012EE499-EE81-48B5-BD71-0F231CBB948F}"
EndProject
Project("{2150E333-8FDC-42A3-9474-1A3956D46DE8}") = "tests", "tests", "{A59652E0-1EDD-4726-A4F5-9A54198CF2DA}"
EndProject
Project("{2150E333-8FDC-42A3-9474-1A3956D46DE8}") = "Solution Items", "Solution Items", "{AEA089AB-5815-4198-A2AF-759632F1B80F}"
	ProjectSection(SolutionItems) = preProject
		.editorconfig = .editorconfig
		.gitignore = .gitignore
		Directory.Build.props = Directory.Build.props
		LICENSE-3RD-PARTY.txt = LICENSE-3RD-PARTY.txt
		LICENSE.txt = LICENSE.txt
	EndProjectSection
EndProject
Global
	GlobalSection(SolutionConfigurationPlatforms) = preSolution
		Debug|Any CPU = Debug|Any CPU
		Release|Any CPU = Release|Any CPU
	EndGlobalSection
	GlobalSection(ProjectConfigurationPlatforms) = postSolution
		{FF68179C-81B3-467F-9A82-3AC252E37FB4}.Debug|Any CPU.ActiveCfg = Debug|Any CPU
		{FF68179C-81B3-467F-9A82-3AC252E37FB4}.Debug|Any CPU.Build.0 = Debug|Any CPU
		{FF68179C-81B3-467F-9A82-3AC252E37FB4}.Release|Any CPU.ActiveCfg = Release|Any CPU
		{FF68179C-81B3-467F-9A82-3AC252E37FB4}.Release|Any CPU.Build.0 = Release|Any CPU
		{66EBDB56-1C9D-4705-BF13-C213F3CE65E4}.Debug|Any CPU.ActiveCfg = Debug|Any CPU
		{66EBDB56-1C9D-4705-BF13-C213F3CE65E4}.Debug|Any CPU.Build.0 = Debug|Any CPU
		{66EBDB56-1C9D-4705-BF13-C213F3CE65E4}.Release|Any CPU.ActiveCfg = Release|Any CPU
		{66EBDB56-1C9D-4705-BF13-C213F3CE65E4}.Release|Any CPU.Build.0 = Release|Any CPU
		{F34D2C2F-4E39-454B-9133-3BCE5E36F0FD}.Debug|Any CPU.ActiveCfg = Debug|Any CPU
		{F34D2C2F-4E39-454B-9133-3BCE5E36F0FD}.Debug|Any CPU.Build.0 = Debug|Any CPU
		{F34D2C2F-4E39-454B-9133-3BCE5E36F0FD}.Release|Any CPU.ActiveCfg = Release|Any CPU
		{F34D2C2F-4E39-454B-9133-3BCE5E36F0FD}.Release|Any CPU.Build.0 = Release|Any CPU
	EndGlobalSection
	GlobalSection(SolutionProperties) = preSolution
		HideSolutionNode = FALSE
	EndGlobalSection
	GlobalSection(NestedProjects) = preSolution
		{FF68179C-81B3-467F-9A82-3AC252E37FB4} = {012EE499-EE81-48B5-BD71-0F231CBB948F}
		{66EBDB56-1C9D-4705-BF13-C213F3CE65E4} = {A59652E0-1EDD-4726-A4F5-9A54198CF2DA}
		{F34D2C2F-4E39-454B-9133-3BCE5E36F0FD} = {A59652E0-1EDD-4726-A4F5-9A54198CF2DA}
	EndGlobalSection
	GlobalSection(ExtensibilityGlobals) = postSolution
		SolutionGuid = {0372DDE4-269D-427B-8BD2-363C0AF3AA6F}
	EndGlobalSection
EndGlobal
